
Microsoft Visual Studio Solution File, Format Version 12.00
# Visual Studio Version 17
VisualStudioVersion = 17.0.31903.59
MinimumVisualStudioVersion = 10.0.40219.1
Project("{FAE04EC0-301F-11D3-BF4B-00C04F79EFBC}") = "BuberBreakfast.Contracts", "BuberBreakfast.Contracts\BuberBreakfast.Contracts.csproj", "{D434EED3-D062-4853-8D8C-7978CE45CF9C}"
EndProject
Project("{FAE04EC0-301F-11D3-BF4B-00C04F79EFBC}") = "BuberBreakfast", "BuberBreakfast\BuberBreakfast.csproj", "{4ABFED62-90C4-4EB7-9A5E-6E6463557A68}"
EndProject
Global
	GlobalSection(SolutionConfigurationPlatforms) = preSolution
		Debug|Any CPU = Debug|Any CPU
		Release|Any CPU = Release|Any CPU
	EndGlobalSection
	GlobalSection(SolutionProperties) = preSolution
		HideSolutionNode = FALSE
	EndGlobalSection
	GlobalSection(ProjectConfigurationPlatforms) = postSolution
		{D434EED3-D062-4853-8D8C-7978CE45CF9C}.Debug|Any CPU.ActiveCfg = Debug|Any CPU
		{D434EED3-D062-4853-8D8C-7978CE45CF9C}.Debug|Any CPU.Build.0 = Debug|Any CPU
		{D434EED3-D062-4853-8D8C-7978CE45CF9C}.Release|Any CPU.ActiveCfg = Release|Any CPU
		{D434EED3-D062-4853-8D8C-7978CE45CF9C}.Release|Any CPU.Build.0 = Release|Any CPU
		{4ABFED62-90C4-4EB7-9A5E-6E6463557A68}.Debug|Any CPU.ActiveCfg = Debug|Any CPU
		{4ABFED62-90C4-4EB7-9A5E-6E6463557A68}.Debug|Any CPU.Build.0 = Debug|Any CPU
		{4ABFED62-90C4-4EB7-9A5E-6E6463557A68}.Release|Any CPU.ActiveCfg = Release|Any CPU
		{4ABFED62-90C4-4EB7-9A5E-6E6463557A68}.Release|Any CPU.Build.0 = Release|Any CPU
	EndGlobalSection
EndGlobal
